
Microsoft Visual Studio Solution File, Format Version 12.00
# Visual Studio Version 17
VisualStudioVersion = 17.12.35514.174
MinimumVisualStudioVersion = 10.0.40219.1
Project("{FAE04EC0-301F-11D3-BF4B-00C04F79EFBC}") = "Day 1 - Historian Hysteria", "Day 1 - Historian Hysteria\Day 1 - Historian Hysteria.csproj", "{FFB8B002-BBA0-46D0-81CD-7404E1044D75}"
EndProject
Project("{FAE04EC0-301F-11D3-BF4B-00C04F79EFBC}") = "Day 2 - Red-Nosed Reports", "Day 2 - Red-Nosed Reports\Day 2 - Red-Nosed Reports.csproj", "{77C5BE2D-4FAB-41D2-A5ED-70F8C77AC2ED}"
EndProject
Project("{FAE04EC0-301F-11D3-BF4B-00C04F79EFBC}") = "Day 3 - Mull It Over", "Day 3 - Mull It Over\Day 3 - Mull It Over.csproj", "{729A7E98-8D13-4EB0-9B6D-930CB3483C2E}"
EndProject
Project("{FAE04EC0-301F-11D3-BF4B-00C04F79EFBC}") = "Day 4 - Ceres Search", "Day 4 - Ceres Search\Day 4 - Ceres Search.csproj", "{CD8B64DA-144B-44EB-B33B-0B553A240DA2}"
EndProject
Project("{FAE04EC0-301F-11D3-BF4B-00C04F79EFBC}") = "Day 5 - Print Queue", "Day 5 - Print Queue\Day 5 - Print Queue.csproj", "{B73C9A6E-675E-444A-BF00-3536EED88954}"
EndProject
Project("{FAE04EC0-301F-11D3-BF4B-00C04F79EFBC}") = "Day 6 - Guard Gallivant", "Day 6 - Guard Gallivant\Day 6 - Guard Gallivant.csproj", "{4998A255-26F2-43F0-9A67-BA5407018249}"
EndProject
Global
	GlobalSection(SolutionConfigurationPlatforms) = preSolution
		Debug|Any CPU = Debug|Any CPU
		Release|Any CPU = Release|Any CPU
	EndGlobalSection
	GlobalSection(ProjectConfigurationPlatforms) = postSolution
		{FFB8B002-BBA0-46D0-81CD-7404E1044D75}.Debug|Any CPU.ActiveCfg = Debug|Any CPU
		{FFB8B002-BBA0-46D0-81CD-7404E1044D75}.Debug|Any CPU.Build.0 = Debug|Any CPU
		{FFB8B002-BBA0-46D0-81CD-7404E1044D75}.Release|Any CPU.ActiveCfg = Release|Any CPU
		{FFB8B002-BBA0-46D0-81CD-7404E1044D75}.Release|Any CPU.Build.0 = Release|Any CPU
		{77C5BE2D-4FAB-41D2-A5ED-70F8C77AC2ED}.Debug|Any CPU.ActiveCfg = Debug|Any CPU
		{77C5BE2D-4FAB-41D2-A5ED-70F8C77AC2ED}.Debug|Any CPU.Build.0 = Debug|Any CPU
		{77C5BE2D-4FAB-41D2-A5ED-70F8C77AC2ED}.Release|Any CPU.ActiveCfg = Release|Any CPU
		{77C5BE2D-4FAB-41D2-A5ED-70F8C77AC2ED}.Release|Any CPU.Build.0 = Release|Any CPU
		{729A7E98-8D13-4EB0-9B6D-930CB3483C2E}.Debug|Any CPU.ActiveCfg = Debug|Any CPU
		{729A7E98-8D13-4EB0-9B6D-930CB3483C2E}.Debug|Any CPU.Build.0 = Debug|Any CPU
		{729A7E98-8D13-4EB0-9B6D-930CB3483C2E}.Release|Any CPU.ActiveCfg = Release|Any CPU
		{729A7E98-8D13-4EB0-9B6D-930CB3483C2E}.Release|Any CPU.Build.0 = Release|Any CPU
		{CD8B64DA-144B-44EB-B33B-0B553A240DA2}.Debug|Any CPU.ActiveCfg = Debug|Any CPU
		{CD8B64DA-144B-44EB-B33B-0B553A240DA2}.Debug|Any CPU.Build.0 = Debug|Any CPU
		{CD8B64DA-144B-44EB-B33B-0B553A240DA2}.Release|Any CPU.ActiveCfg = Release|Any CPU
		{CD8B64DA-144B-44EB-B33B-0B553A240DA2}.Release|Any CPU.Build.0 = Release|Any CPU
		{B73C9A6E-675E-444A-BF00-3536EED88954}.Debug|Any CPU.ActiveCfg = Debug|Any CPU
		{B73C9A6E-675E-444A-BF00-3536EED88954}.Debug|Any CPU.Build.0 = Debug|Any CPU
		{B73C9A6E-675E-444A-BF00-3536EED88954}.Release|Any CPU.ActiveCfg = Release|Any CPU
		{B73C9A6E-675E-444A-BF00-3536EED88954}.Release|Any CPU.Build.0 = Release|Any CPU
		{4998A255-26F2-43F0-9A67-BA5407018249}.Debug|Any CPU.ActiveCfg = Debug|Any CPU
		{4998A255-26F2-43F0-9A67-BA5407018249}.Debug|Any CPU.Build.0 = Debug|Any CPU
		{4998A255-26F2-43F0-9A67-BA5407018249}.Release|Any CPU.ActiveCfg = Release|Any CPU
		{4998A255-26F2-43F0-9A67-BA5407018249}.Release|Any CPU.Build.0 = Release|Any CPU
	EndGlobalSection
	GlobalSection(SolutionProperties) = preSolution
		HideSolutionNode = FALSE
	EndGlobalSection
EndGlobal
