
Microsoft Visual Studio Solution File, Format Version 12.00
# Visual Studio Version 17
VisualStudioVersion = 17.12.35514.174 d17.12
MinimumVisualStudioVersion = 10.0.40219.1
Project("{FAE04EC0-301F-11D3-BF4B-00C04F79EFBC}") = "Day 1 - Historian Hysteria", "Day 1 - Historian Hysteria\Day 1 - Historian Hysteria.csproj", "{FFB8B002-BBA0-46D0-81CD-7404E1044D75}"
EndProject
Project("{FAE04EC0-301F-11D3-BF4B-00C04F79EFBC}") = "Day 2 - Red-Nosed Reports", "Day 2 - Red-Nosed Reports\Day 2 - Red-Nosed Reports.csproj", "{77C5BE2D-4FAB-41D2-A5ED-70F8C77AC2ED}"
EndProject
Global
	GlobalSection(SolutionConfigurationPlatforms) = preSolution
		Debug|Any CPU = Debug|Any CPU
		Release|Any CPU = Release|Any CPU
	EndGlobalSection
	GlobalSection(ProjectConfigurationPlatforms) = postSolution
		{FFB8B002-BBA0-46D0-81CD-7404E1044D75}.Debug|Any CPU.ActiveCfg = Debug|Any CPU
		{FFB8B002-BBA0-46D0-81CD-7404E1044D75}.Debug|Any CPU.Build.0 = Debug|Any CPU
		{FFB8B002-BBA0-46D0-81CD-7404E1044D75}.Release|Any CPU.ActiveCfg = Release|Any CPU
		{FFB8B002-BBA0-46D0-81CD-7404E1044D75}.Release|Any CPU.Build.0 = Release|Any CPU
		{77C5BE2D-4FAB-41D2-A5ED-70F8C77AC2ED}.Debug|Any CPU.ActiveCfg = Debug|Any CPU
		{77C5BE2D-4FAB-41D2-A5ED-70F8C77AC2ED}.Debug|Any CPU.Build.0 = Debug|Any CPU
		{77C5BE2D-4FAB-41D2-A5ED-70F8C77AC2ED}.Release|Any CPU.ActiveCfg = Release|Any CPU
		{77C5BE2D-4FAB-41D2-A5ED-70F8C77AC2ED}.Release|Any CPU.Build.0 = Release|Any CPU
	EndGlobalSection
	GlobalSection(SolutionProperties) = preSolution
		HideSolutionNode = FALSE
	EndGlobalSection
EndGlobal
