
Microsoft Visual Studio Solution File, Format Version 12.00
# Visual Studio Version 17
VisualStudioVersion = 17.12.35514.174
MinimumVisualStudioVersion = 10.0.40219.1
Project("{FAE04EC0-301F-11D3-BF4B-00C04F79EFBC}") = "Day 1 - Historian Hysteria", "Day 1 - Historian Hysteria\Day 1 - Historian Hysteria.csproj", "{FFB8B002-BBA0-46D0-81CD-7404E1044D75}"
EndProject
Project("{FAE04EC0-301F-11D3-BF4B-00C04F79EFBC}") = "Day 2 - Red-Nosed Reports", "Day 2 - Red-Nosed Reports\Day 2 - Red-Nosed Reports.csproj", "{77C5BE2D-4FAB-41D2-A5ED-70F8C77AC2ED}"
EndProject
Project("{FAE04EC0-301F-11D3-BF4B-00C04F79EFBC}") = "Day 3 - Mull It Over", "Day 3 - Mull It Over\Day 3 - Mull It Over.csproj", "{729A7E98-8D13-4EB0-9B6D-930CB3483C2E}"
EndProject
Project("{FAE04EC0-301F-11D3-BF4B-00C04F79EFBC}") = "Day 4 - Ceres Search", "Day 4 - Ceres Search\Day 4 - Ceres Search.csproj", "{CD8B64DA-144B-44EB-B33B-0B553A240DA2}"
EndProject
Project("{FAE04EC0-301F-11D3-BF4B-00C04F79EFBC}") = "Day 5 - Print Queue", "Day 5 - Print Queue\Day 5 - Print Queue.csproj", "{B73C9A6E-675E-444A-BF00-3536EED88954}"
EndProject
Project("{FAE04EC0-301F-11D3-BF4B-00C04F79EFBC}") = "Day 6 - Guard Gallivant", "Day 6 - Guard Gallivant\Day 6 - Guard Gallivant.csproj", "{4998A255-26F2-43F0-9A67-BA5407018249}"
EndProject
Project("{FAE04EC0-301F-11D3-BF4B-00C04F79EFBC}") = "Day 9 - Disk Fragmenter", "Day 9 - Disk Fragmenter\Day 9 - Disk Fragmenter.csproj", "{E1146CF8-A600-4A4D-8217-EA977F168A6A}"
EndProject
Project("{FAE04EC0-301F-11D3-BF4B-00C04F79EFBC}") = "Day 7 - Bridge Repair", "Day 7 - Bridge Repair\Day 7 - Bridge Repair.csproj", "{0CD7DDB7-63C2-4331-873F-E7929424B57C}"
EndProject
Project("{FAE04EC0-301F-11D3-BF4B-00C04F79EFBC}") = "Day 8 - Resonant Collinearity", "Day 8 - Resonant Collinearity\Day 8 - Resonant Collinearity.csproj", "{C4528C36-5B30-4B07-8721-9E1F5C3EDDE5}"
EndProject
Project("{FAE04EC0-301F-11D3-BF4B-00C04F79EFBC}") = "Day 11 - Plutonian Pebbles", "Day 11 - Plutonian Pebbles\Day 11 - Plutonian Pebbles.csproj", "{CFCFAB58-5D62-4170-86C7-6ADD95A9F69D}"
EndProject
Project("{FAE04EC0-301F-11D3-BF4B-00C04F79EFBC}") = "Day 10 - Hoof It", "Day 10 - Hoof It\Day 10 - Hoof It.csproj", "{3E08D704-AE14-4BAE-9DBB-201482256570}"
EndProject
Project("{FAE04EC0-301F-11D3-BF4B-00C04F79EFBC}") = "AdventLibrary", "AdventLibrary\AdventLibrary.csproj", "{408BF8E9-1F23-48AC-94DD-8B90735AE75E}"
EndProject
Project("{FAE04EC0-301F-11D3-BF4B-00C04F79EFBC}") = "Day 12 - Garden Groups", "Day 12 - Garden Groups\Day 12 - Garden Groups.csproj", "{22EC295E-1CCA-4380-B70B-3877E268620D}"
EndProject
Project("{FAE04EC0-301F-11D3-BF4B-00C04F79EFBC}") = "Day 13 - Claw Contraption", "Day 13 - Claw Contraption\Day 13 - Claw Contraption.csproj", "{011DDA14-1D39-4C93-B083-B4903425DF64}"
EndProject
Project("{FAE04EC0-301F-11D3-BF4B-00C04F79EFBC}") = "Day 16 - Reindeer Maze", "Day 16 - Reindeer Maze\Day 16 - Reindeer Maze.csproj", "{D6061BCF-D386-440F-9F3F-E8DA987F9BF9}"
EndProject
Project("{FAE04EC0-301F-11D3-BF4B-00C04F79EFBC}") = "Day 17 - Chronospatial Computer", "Day 17 - Chronospatial Computer\Day 17 - Chronospatial Computer.csproj", "{0ECD6129-5647-407C-988A-CA3B2E2711C9}"
EndProject
Project("{FAE04EC0-301F-11D3-BF4B-00C04F79EFBC}") = "Day 18 - RAM Run", "Day 18 - RAM Run\Day 18 - RAM Run.csproj", "{45C4E604-5AD9-4B9D-9E77-77F0CD07AA86}"
EndProject
Project("{FAE04EC0-301F-11D3-BF4B-00C04F79EFBC}") = "Day 19 - Linen Layout", "Day 19 - Linen Layout\Day 19 - Linen Layout.csproj", "{9014A820-4E94-4E15-923B-0F12F2DC2F1A}"
EndProject
Project("{FAE04EC0-301F-11D3-BF4B-00C04F79EFBC}") = "Day 20 - Race Condition", "Day 20 - Race Condition\Day 20 - Race Condition.csproj", "{41266F45-D18C-42C3-B6F8-FD5AFA17E867}"
EndProject
Project("{FAE04EC0-301F-11D3-BF4B-00C04F79EFBC}") = "Day 23 - LAN Party", "Day 23 - LAN Party\Day 23 - LAN Party.csproj", "{B9046DA6-95DC-457A-B2D4-57406FE1CEAF}"
EndProject
Project("{FAE04EC0-301F-11D3-BF4B-00C04F79EFBC}") = "Day 21 - Keypad Conundrum", "Day 21 - Keypad Conundrum\Day 21 - Keypad Conundrum.csproj", "{E545A4F4-0AC0-494E-9599-3316A7BA4D44}"
EndProject
Project("{FAE04EC0-301F-11D3-BF4B-00C04F79EFBC}") = "Day 22 - Monkey Market", "Day 22 - Monkey Market\Day 22 - Monkey Market.csproj", "{60E9467D-2EE5-4ABD-9A41-CB710938A4E6}"
EndProject
Project("{FAE04EC0-301F-11D3-BF4B-00C04F79EFBC}") = "Day 24 - Crossed Wires", "Day 24 - Crossed Wires\Day 24 - Crossed Wires.csproj", "{670A4571-1CF8-4425-8BC4-5324525E850F}"
EndProject
Project("{FAE04EC0-301F-11D3-BF4B-00C04F79EFBC}") = "Day 25 - Code Chronicle", "Day 25 - Code Chronicle\Day 25 - Code Chronicle.csproj", "{2CEFAF5E-FCB9-4845-B1C0-E2587162ECDA}"
EndProject
Global
	GlobalSection(SolutionConfigurationPlatforms) = preSolution
		Debug|Any CPU = Debug|Any CPU
		Release|Any CPU = Release|Any CPU
	EndGlobalSection
	GlobalSection(ProjectConfigurationPlatforms) = postSolution
		{FFB8B002-BBA0-46D0-81CD-7404E1044D75}.Debug|Any CPU.ActiveCfg = Debug|Any CPU
		{FFB8B002-BBA0-46D0-81CD-7404E1044D75}.Debug|Any CPU.Build.0 = Debug|Any CPU
		{FFB8B002-BBA0-46D0-81CD-7404E1044D75}.Release|Any CPU.ActiveCfg = Release|Any CPU
		{FFB8B002-BBA0-46D0-81CD-7404E1044D75}.Release|Any CPU.Build.0 = Release|Any CPU
		{77C5BE2D-4FAB-41D2-A5ED-70F8C77AC2ED}.Debug|Any CPU.ActiveCfg = Debug|Any CPU
		{77C5BE2D-4FAB-41D2-A5ED-70F8C77AC2ED}.Debug|Any CPU.Build.0 = Debug|Any CPU
		{77C5BE2D-4FAB-41D2-A5ED-70F8C77AC2ED}.Release|Any CPU.ActiveCfg = Release|Any CPU
		{77C5BE2D-4FAB-41D2-A5ED-70F8C77AC2ED}.Release|Any CPU.Build.0 = Release|Any CPU
		{729A7E98-8D13-4EB0-9B6D-930CB3483C2E}.Debug|Any CPU.ActiveCfg = Debug|Any CPU
		{729A7E98-8D13-4EB0-9B6D-930CB3483C2E}.Debug|Any CPU.Build.0 = Debug|Any CPU
		{729A7E98-8D13-4EB0-9B6D-930CB3483C2E}.Release|Any CPU.ActiveCfg = Release|Any CPU
		{729A7E98-8D13-4EB0-9B6D-930CB3483C2E}.Release|Any CPU.Build.0 = Release|Any CPU
		{CD8B64DA-144B-44EB-B33B-0B553A240DA2}.Debug|Any CPU.ActiveCfg = Debug|Any CPU
		{CD8B64DA-144B-44EB-B33B-0B553A240DA2}.Debug|Any CPU.Build.0 = Debug|Any CPU
		{CD8B64DA-144B-44EB-B33B-0B553A240DA2}.Release|Any CPU.ActiveCfg = Release|Any CPU
		{CD8B64DA-144B-44EB-B33B-0B553A240DA2}.Release|Any CPU.Build.0 = Release|Any CPU
		{B73C9A6E-675E-444A-BF00-3536EED88954}.Debug|Any CPU.ActiveCfg = Debug|Any CPU
		{B73C9A6E-675E-444A-BF00-3536EED88954}.Debug|Any CPU.Build.0 = Debug|Any CPU
		{B73C9A6E-675E-444A-BF00-3536EED88954}.Release|Any CPU.ActiveCfg = Release|Any CPU
		{B73C9A6E-675E-444A-BF00-3536EED88954}.Release|Any CPU.Build.0 = Release|Any CPU
		{4998A255-26F2-43F0-9A67-BA5407018249}.Debug|Any CPU.ActiveCfg = Debug|Any CPU
		{4998A255-26F2-43F0-9A67-BA5407018249}.Debug|Any CPU.Build.0 = Debug|Any CPU
		{4998A255-26F2-43F0-9A67-BA5407018249}.Release|Any CPU.ActiveCfg = Release|Any CPU
		{4998A255-26F2-43F0-9A67-BA5407018249}.Release|Any CPU.Build.0 = Release|Any CPU
		{E1146CF8-A600-4A4D-8217-EA977F168A6A}.Debug|Any CPU.ActiveCfg = Debug|Any CPU
		{E1146CF8-A600-4A4D-8217-EA977F168A6A}.Debug|Any CPU.Build.0 = Debug|Any CPU
		{E1146CF8-A600-4A4D-8217-EA977F168A6A}.Release|Any CPU.ActiveCfg = Release|Any CPU
		{E1146CF8-A600-4A4D-8217-EA977F168A6A}.Release|Any CPU.Build.0 = Release|Any CPU
		{0CD7DDB7-63C2-4331-873F-E7929424B57C}.Debug|Any CPU.ActiveCfg = Debug|Any CPU
		{0CD7DDB7-63C2-4331-873F-E7929424B57C}.Debug|Any CPU.Build.0 = Debug|Any CPU
		{0CD7DDB7-63C2-4331-873F-E7929424B57C}.Release|Any CPU.ActiveCfg = Release|Any CPU
		{0CD7DDB7-63C2-4331-873F-E7929424B57C}.Release|Any CPU.Build.0 = Release|Any CPU
		{C4528C36-5B30-4B07-8721-9E1F5C3EDDE5}.Debug|Any CPU.ActiveCfg = Debug|Any CPU
		{C4528C36-5B30-4B07-8721-9E1F5C3EDDE5}.Debug|Any CPU.Build.0 = Debug|Any CPU
		{C4528C36-5B30-4B07-8721-9E1F5C3EDDE5}.Release|Any CPU.ActiveCfg = Release|Any CPU
		{C4528C36-5B30-4B07-8721-9E1F5C3EDDE5}.Release|Any CPU.Build.0 = Release|Any CPU
		{CFCFAB58-5D62-4170-86C7-6ADD95A9F69D}.Debug|Any CPU.ActiveCfg = Debug|Any CPU
		{CFCFAB58-5D62-4170-86C7-6ADD95A9F69D}.Debug|Any CPU.Build.0 = Debug|Any CPU
		{CFCFAB58-5D62-4170-86C7-6ADD95A9F69D}.Release|Any CPU.ActiveCfg = Release|Any CPU
		{CFCFAB58-5D62-4170-86C7-6ADD95A9F69D}.Release|Any CPU.Build.0 = Release|Any CPU
		{3E08D704-AE14-4BAE-9DBB-201482256570}.Debug|Any CPU.ActiveCfg = Debug|Any CPU
		{3E08D704-AE14-4BAE-9DBB-201482256570}.Debug|Any CPU.Build.0 = Debug|Any CPU
		{3E08D704-AE14-4BAE-9DBB-201482256570}.Release|Any CPU.ActiveCfg = Release|Any CPU
		{3E08D704-AE14-4BAE-9DBB-201482256570}.Release|Any CPU.Build.0 = Release|Any CPU
		{408BF8E9-1F23-48AC-94DD-8B90735AE75E}.Debug|Any CPU.ActiveCfg = Debug|Any CPU
		{408BF8E9-1F23-48AC-94DD-8B90735AE75E}.Debug|Any CPU.Build.0 = Debug|Any CPU
		{408BF8E9-1F23-48AC-94DD-8B90735AE75E}.Release|Any CPU.ActiveCfg = Release|Any CPU
		{408BF8E9-1F23-48AC-94DD-8B90735AE75E}.Release|Any CPU.Build.0 = Release|Any CPU
		{22EC295E-1CCA-4380-B70B-3877E268620D}.Debug|Any CPU.ActiveCfg = Debug|Any CPU
		{22EC295E-1CCA-4380-B70B-3877E268620D}.Debug|Any CPU.Build.0 = Debug|Any CPU
		{22EC295E-1CCA-4380-B70B-3877E268620D}.Release|Any CPU.ActiveCfg = Release|Any CPU
		{22EC295E-1CCA-4380-B70B-3877E268620D}.Release|Any CPU.Build.0 = Release|Any CPU
		{011DDA14-1D39-4C93-B083-B4903425DF64}.Debug|Any CPU.ActiveCfg = Debug|Any CPU
		{011DDA14-1D39-4C93-B083-B4903425DF64}.Debug|Any CPU.Build.0 = Debug|Any CPU
		{011DDA14-1D39-4C93-B083-B4903425DF64}.Release|Any CPU.ActiveCfg = Release|Any CPU
		{011DDA14-1D39-4C93-B083-B4903425DF64}.Release|Any CPU.Build.0 = Release|Any CPU
		{D6061BCF-D386-440F-9F3F-E8DA987F9BF9}.Debug|Any CPU.ActiveCfg = Debug|Any CPU
		{D6061BCF-D386-440F-9F3F-E8DA987F9BF9}.Debug|Any CPU.Build.0 = Debug|Any CPU
		{D6061BCF-D386-440F-9F3F-E8DA987F9BF9}.Release|Any CPU.ActiveCfg = Release|Any CPU
		{D6061BCF-D386-440F-9F3F-E8DA987F9BF9}.Release|Any CPU.Build.0 = Release|Any CPU
		{0ECD6129-5647-407C-988A-CA3B2E2711C9}.Debug|Any CPU.ActiveCfg = Debug|Any CPU
		{0ECD6129-5647-407C-988A-CA3B2E2711C9}.Debug|Any CPU.Build.0 = Debug|Any CPU
		{0ECD6129-5647-407C-988A-CA3B2E2711C9}.Release|Any CPU.ActiveCfg = Release|Any CPU
		{0ECD6129-5647-407C-988A-CA3B2E2711C9}.Release|Any CPU.Build.0 = Release|Any CPU
		{45C4E604-5AD9-4B9D-9E77-77F0CD07AA86}.Debug|Any CPU.ActiveCfg = Debug|Any CPU
		{45C4E604-5AD9-4B9D-9E77-77F0CD07AA86}.Debug|Any CPU.Build.0 = Debug|Any CPU
		{45C4E604-5AD9-4B9D-9E77-77F0CD07AA86}.Release|Any CPU.ActiveCfg = Release|Any CPU
		{45C4E604-5AD9-4B9D-9E77-77F0CD07AA86}.Release|Any CPU.Build.0 = Release|Any CPU
		{9014A820-4E94-4E15-923B-0F12F2DC2F1A}.Debug|Any CPU.ActiveCfg = Debug|Any CPU
		{9014A820-4E94-4E15-923B-0F12F2DC2F1A}.Debug|Any CPU.Build.0 = Debug|Any CPU
		{9014A820-4E94-4E15-923B-0F12F2DC2F1A}.Release|Any CPU.ActiveCfg = Release|Any CPU
		{9014A820-4E94-4E15-923B-0F12F2DC2F1A}.Release|Any CPU.Build.0 = Release|Any CPU
		{41266F45-D18C-42C3-B6F8-FD5AFA17E867}.Debug|Any CPU.ActiveCfg = Debug|Any CPU
		{41266F45-D18C-42C3-B6F8-FD5AFA17E867}.Debug|Any CPU.Build.0 = Debug|Any CPU
		{41266F45-D18C-42C3-B6F8-FD5AFA17E867}.Release|Any CPU.ActiveCfg = Release|Any CPU
		{41266F45-D18C-42C3-B6F8-FD5AFA17E867}.Release|Any CPU.Build.0 = Release|Any CPU
		{B9046DA6-95DC-457A-B2D4-57406FE1CEAF}.Debug|Any CPU.ActiveCfg = Debug|Any CPU
		{B9046DA6-95DC-457A-B2D4-57406FE1CEAF}.Debug|Any CPU.Build.0 = Debug|Any CPU
		{B9046DA6-95DC-457A-B2D4-57406FE1CEAF}.Release|Any CPU.ActiveCfg = Release|Any CPU
		{B9046DA6-95DC-457A-B2D4-57406FE1CEAF}.Release|Any CPU.Build.0 = Release|Any CPU
		{E545A4F4-0AC0-494E-9599-3316A7BA4D44}.Debug|Any CPU.ActiveCfg = Debug|Any CPU
		{E545A4F4-0AC0-494E-9599-3316A7BA4D44}.Debug|Any CPU.Build.0 = Debug|Any CPU
		{E545A4F4-0AC0-494E-9599-3316A7BA4D44}.Release|Any CPU.ActiveCfg = Release|Any CPU
		{E545A4F4-0AC0-494E-9599-3316A7BA4D44}.Release|Any CPU.Build.0 = Release|Any CPU
		{60E9467D-2EE5-4ABD-9A41-CB710938A4E6}.Debug|Any CPU.ActiveCfg = Debug|Any CPU
		{60E9467D-2EE5-4ABD-9A41-CB710938A4E6}.Debug|Any CPU.Build.0 = Debug|Any CPU
		{60E9467D-2EE5-4ABD-9A41-CB710938A4E6}.Release|Any CPU.ActiveCfg = Release|Any CPU
		{60E9467D-2EE5-4ABD-9A41-CB710938A4E6}.Release|Any CPU.Build.0 = Release|Any CPU
		{670A4571-1CF8-4425-8BC4-5324525E850F}.Debug|Any CPU.ActiveCfg = Debug|Any CPU
		{670A4571-1CF8-4425-8BC4-5324525E850F}.Debug|Any CPU.Build.0 = Debug|Any CPU
		{670A4571-1CF8-4425-8BC4-5324525E850F}.Release|Any CPU.ActiveCfg = Release|Any CPU
		{670A4571-1CF8-4425-8BC4-5324525E850F}.Release|Any CPU.Build.0 = Release|Any CPU
		{2CEFAF5E-FCB9-4845-B1C0-E2587162ECDA}.Debug|Any CPU.ActiveCfg = Debug|Any CPU
		{2CEFAF5E-FCB9-4845-B1C0-E2587162ECDA}.Debug|Any CPU.Build.0 = Debug|Any CPU
		{2CEFAF5E-FCB9-4845-B1C0-E2587162ECDA}.Release|Any CPU.ActiveCfg = Release|Any CPU
		{2CEFAF5E-FCB9-4845-B1C0-E2587162ECDA}.Release|Any CPU.Build.0 = Release|Any CPU
	EndGlobalSection
	GlobalSection(SolutionProperties) = preSolution
		HideSolutionNode = FALSE
	EndGlobalSection
EndGlobal
